
Microsoft Visual Studio Solution File, Format Version 11.00
# Visual Studio 2010
Project("{F184B08F-C81C-45F6-A57F-5ABD9991F28F}") = "BeloSMS", "BeloSMS.vbproj", "{982CAA60-797C-4F45-B43A-0254C553F952}"
EndProject
Project("{54435603-DBB4-11D2-8724-00A0C9A8B90C}") = "BELOSMSInstaller", "BELOSMSInstaller\BELOSMSInstaller.vdproj", "{BFAF159A-DA71-4F88-B1FB-DCB44FE53668}"
EndProject
Global
	GlobalSection(SolutionConfigurationPlatforms) = preSolution
		Debug|x86 = Debug|x86
		Release|x86 = Release|x86
	EndGlobalSection
	GlobalSection(ProjectConfigurationPlatforms) = postSolution
		{982CAA60-797C-4F45-B43A-0254C553F952}.Debug|x86.ActiveCfg = Debug|x86
		{982CAA60-797C-4F45-B43A-0254C553F952}.Debug|x86.Build.0 = Debug|x86
		{982CAA60-797C-4F45-B43A-0254C553F952}.Release|x86.ActiveCfg = Release|x86
		{982CAA60-797C-4F45-B43A-0254C553F952}.Release|x86.Build.0 = Release|x86
		{BFAF159A-DA71-4F88-B1FB-DCB44FE53668}.Debug|x86.ActiveCfg = Debug
		{BFAF159A-DA71-4F88-B1FB-DCB44FE53668}.Release|x86.ActiveCfg = Release
	EndGlobalSection
	GlobalSection(SolutionProperties) = preSolution
		HideSolutionNode = FALSE
	EndGlobalSection
EndGlobal
